
Microsoft Visual Studio Solution File, Format Version 11.00
# Visual C# Express 2010
Project("{FAE04EC0-301F-11D3-BF4B-00C04F79EFBC}") = "ScrollsLive.Mod", "ScrollsLive.Mod.csproj", "{E3E38FF5-DA4B-4F06-BB85-AE31E8B9E62C}"
EndProject
Global
	GlobalSection(SolutionConfigurationPlatforms) = preSolution
		Debug|Any CPU = Debug|Any CPU
		Release|Any CPU = Release|Any CPU
	EndGlobalSection
	GlobalSection(ProjectConfigurationPlatforms) = postSolution
		{E3E38FF5-DA4B-4F06-BB85-AE31E8B9E62C}.Debug|Any CPU.ActiveCfg = Debug|Any CPU
		{E3E38FF5-DA4B-4F06-BB85-AE31E8B9E62C}.Debug|Any CPU.Build.0 = Debug|Any CPU
		{E3E38FF5-DA4B-4F06-BB85-AE31E8B9E62C}.Release|Any CPU.ActiveCfg = Release|Any CPU
		{E3E38FF5-DA4B-4F06-BB85-AE31E8B9E62C}.Release|Any CPU.Build.0 = Release|Any CPU
	EndGlobalSection
	GlobalSection(SolutionProperties) = preSolution
		HideSolutionNode = FALSE
	EndGlobalSection
EndGlobal
